<?xml version="1.0" encoding="utf-8"?>
<Project ToolsVersion="4.0" xmlns="http://schemas.microsoft.com/developer/msbuild/2003">
  <ItemGroup>
    <Filter Include="DX">
      <UniqueIdentifier>{0d4d7643-8446-4088-82be-51e2d909d2da}</UniqueIdentifier>
    </Filter>
  </ItemGroup>
  <ItemGroup>
    <ClCompile Include="..\..\..\Framework\DX\dxerr.cpp">
      <Filter>DX</Filter>
    </ClCompile>
    <ClCompile Include="..\..\..\Framework\D3DVertexFormat.cpp" />
    <ClCompile Include="..\..\..\Framework\D3DHeaders.cpp" />
    <ClCompile Include="..\..\..\Framework\D3DUtil.cpp" />
    <ClCompile Include="..\..\..\Framework\D3DTimer.cpp" />
    <ClCompile Include="..\..\..\Framework\D3DApp.cpp" />
  </ItemGroup>
  <ItemGroup>
    <ClInclude Include="..\..\..\Framework\DX\dxerr.h">
      <Filter>DX</Filter>
    </ClInclude>
    <ClInclude Include="..\..\..\Framework\D3DHeaders.h" />
    <ClInclude Include="..\..\..\Framework\D3DVertexFormat.h" />
    <ClInclude Include="..\..\..\Framework\D3DUtil.h" />
    <ClInclude Include="..\..\..\Framework\D3DTimer.h" />
    <ClInclude Include="..\..\..\Framework\D3DApp.h" />
  </ItemGroup>
</Project>